
Microsoft Visual Studio Solution File, Format Version 12.00
# Visual Studio Version 17
VisualStudioVersion = 17.3.32825.248
MinimumVisualStudioVersion = 10.0.40219.1
Project("{9A19103F-16F7-4668-BE54-9A1E7A4F7556}") = "WinAppTaggedWorld", "WinAppTaggedWorld\WinAppTaggedWorld.csproj", "{710D4BC5-12FD-4A80-93D2-E2F05E41F4EE}"
EndProject
Project("{9A19103F-16F7-4668-BE54-9A1E7A4F7556}") = "TaggedWorldLibrary", "TaggedWorldLibrary\TaggedWorldLibrary.csproj", "{B64317C6-A312-461E-8BA1-0CAA250F171B}"
EndProject
Project("{2150E333-8FDC-42A3-9474-1A3956D46DE8}") = "tests", "tests", "{8C37154D-EF91-4FC3-8405-00836D4C613B}"
EndProject
Project("{9A19103F-16F7-4668-BE54-9A1E7A4F7556}") = "UnitTestingLibrary", "UnitTesting\UnitTestingLibrary.csproj", "{8C4C1EE2-2999-4560-8E39-1C2B0A09E5F2}"
EndProject
Project("{9A19103F-16F7-4668-BE54-9A1E7A4F7556}") = "WebApiTaggedWorld", "WebApiTaggedWorld\WebApiTaggedWorld.csproj", "{386AA200-B183-48C7-8937-CD75C36C9077}"
EndProject
Project("{2150E333-8FDC-42A3-9474-1A3956D46DE8}") = "Solution Items", "Solution Items", "{4BAE9BF1-5F3A-46B1-82E8-BB502CE0B0F1}"
	ProjectSection(SolutionItems) = preProject
		ScreenShots\FrmMain.png = ScreenShots\FrmMain.png
		README.md = README.md
	EndProjectSection
EndProject
Global
	GlobalSection(SolutionConfigurationPlatforms) = preSolution
		Debug|Any CPU = Debug|Any CPU
		Release|Any CPU = Release|Any CPU
	EndGlobalSection
	GlobalSection(ProjectConfigurationPlatforms) = postSolution
		{710D4BC5-12FD-4A80-93D2-E2F05E41F4EE}.Debug|Any CPU.ActiveCfg = Debug|Any CPU
		{710D4BC5-12FD-4A80-93D2-E2F05E41F4EE}.Debug|Any CPU.Build.0 = Debug|Any CPU
		{710D4BC5-12FD-4A80-93D2-E2F05E41F4EE}.Release|Any CPU.ActiveCfg = Release|Any CPU
		{710D4BC5-12FD-4A80-93D2-E2F05E41F4EE}.Release|Any CPU.Build.0 = Release|Any CPU
		{B64317C6-A312-461E-8BA1-0CAA250F171B}.Debug|Any CPU.ActiveCfg = Debug|Any CPU
		{B64317C6-A312-461E-8BA1-0CAA250F171B}.Debug|Any CPU.Build.0 = Debug|Any CPU
		{B64317C6-A312-461E-8BA1-0CAA250F171B}.Release|Any CPU.ActiveCfg = Release|Any CPU
		{B64317C6-A312-461E-8BA1-0CAA250F171B}.Release|Any CPU.Build.0 = Release|Any CPU
		{8C4C1EE2-2999-4560-8E39-1C2B0A09E5F2}.Debug|Any CPU.ActiveCfg = Debug|Any CPU
		{8C4C1EE2-2999-4560-8E39-1C2B0A09E5F2}.Debug|Any CPU.Build.0 = Debug|Any CPU
		{8C4C1EE2-2999-4560-8E39-1C2B0A09E5F2}.Release|Any CPU.ActiveCfg = Release|Any CPU
		{8C4C1EE2-2999-4560-8E39-1C2B0A09E5F2}.Release|Any CPU.Build.0 = Release|Any CPU
		{386AA200-B183-48C7-8937-CD75C36C9077}.Debug|Any CPU.ActiveCfg = Debug|Any CPU
		{386AA200-B183-48C7-8937-CD75C36C9077}.Debug|Any CPU.Build.0 = Debug|Any CPU
		{386AA200-B183-48C7-8937-CD75C36C9077}.Release|Any CPU.ActiveCfg = Release|Any CPU
		{386AA200-B183-48C7-8937-CD75C36C9077}.Release|Any CPU.Build.0 = Release|Any CPU
	EndGlobalSection
	GlobalSection(SolutionProperties) = preSolution
		HideSolutionNode = FALSE
	EndGlobalSection
	GlobalSection(NestedProjects) = preSolution
		{8C4C1EE2-2999-4560-8E39-1C2B0A09E5F2} = {8C37154D-EF91-4FC3-8405-00836D4C613B}
	EndGlobalSection
	GlobalSection(ExtensibilityGlobals) = postSolution
		SolutionGuid = {A85AD262-E86B-4B59-973F-A664B1A3BB9C}
	EndGlobalSection
EndGlobal
